
Microsoft Visual Studio Solution File, Format Version 12.00
# Visual Studio Version 17
VisualStudioVersion = 17.0.31903.59
MinimumVisualStudioVersion = 10.0.40219.1
Project("{FAE04EC0-301F-11D3-BF4B-00C04F79EFBC}") = "SubscriptionTracker.Tests", "SubscriptionTracker.Tests\SubscriptionTracker.Tests.csproj", "{A43A153E-90B7-41D9-B63B-D2813F42F7D0}"
EndProject
Project("{FAE04EC0-301F-11D3-BF4B-00C04F79EFBC}") = "SubscriptionTracker.Wpf", "SubscriptionTracker.Wpf\SubscriptionTracker.Wpf.csproj", "{CD9E76F6-83D5-445B-B1A3-900F96E3EBAA}"
EndProject
Global
	GlobalSection(SolutionConfigurationPlatforms) = preSolution
		Debug|Any CPU = Debug|Any CPU
		Release|Any CPU = Release|Any CPU
	EndGlobalSection
	GlobalSection(SolutionProperties) = preSolution
		HideSolutionNode = FALSE
	EndGlobalSection
	GlobalSection(ProjectConfigurationPlatforms) = postSolution
		{A43A153E-90B7-41D9-B63B-D2813F42F7D0}.Debug|Any CPU.ActiveCfg = Debug|Any CPU
		{A43A153E-90B7-41D9-B63B-D2813F42F7D0}.Debug|Any CPU.Build.0 = Debug|Any CPU
		{A43A153E-90B7-41D9-B63B-D2813F42F7D0}.Release|Any CPU.ActiveCfg = Release|Any CPU
		{A43A153E-90B7-41D9-B63B-D2813F42F7D0}.Release|Any CPU.Build.0 = Release|Any CPU
		{CD9E76F6-83D5-445B-B1A3-900F96E3EBAA}.Debug|Any CPU.ActiveCfg = Debug|Any CPU
		{CD9E76F6-83D5-445B-B1A3-900F96E3EBAA}.Debug|Any CPU.Build.0 = Debug|Any CPU
		{CD9E76F6-83D5-445B-B1A3-900F96E3EBAA}.Release|Any CPU.ActiveCfg = Release|Any CPU
		{CD9E76F6-83D5-445B-B1A3-900F96E3EBAA}.Release|Any CPU.Build.0 = Release|Any CPU
	EndGlobalSection
EndGlobal
